// !$*UTF8*$!
{
	archiveVersion = 1;
	classes = {
	};
	objectVersion = 55;
	objects = {

/* Begin PBXBuildFile section */
		6315B019282AC24F0011631A /* Product.swift in Sources */ = {isa = PBXBuildFile; fileRef = 6315B018282AC24F0011631A /* Product.swift */; };
		63BB91E9282BE414000642C0 /* ProductItem.swift in Sources */ = {isa = PBXBuildFile; fileRef = 63BB91E8282BE414000642C0 /* ProductItem.swift */; };
		63BB91EB282BE496000642C0 /* Order.swift in Sources */ = {isa = PBXBuildFile; fileRef = 63BB91EA282BE496000642C0 /* Order.swift */; };
		63BB91ED282BE90C000642C0 /* OrderManager.swift in Sources */ = {isa = PBXBuildFile; fileRef = 63BB91EC282BE90C000642C0 /* OrderManager.swift */; };
		63BB91F1282BFEC8000642C0 /* User.swift in Sources */ = {isa = PBXBuildFile; fileRef = 63BB91F0282BFEC8000642C0 /* User.swift */; };
		63BB91F3282BFF54000642C0 /* AuthManager.swift in Sources */ = {isa = PBXBuildFile; fileRef = 63BB91F2282BFF54000642C0 /* AuthManager.swift */; };
		63BB91F5282C00D6000642C0 /* ShoppingCartManager.swift in Sources */ = {isa = PBXBuildFile; fileRef = 63BB91F4282C00D6000642C0 /* ShoppingCartManager.swift */; };
		63BE35AF282ABEA200DE27E2 /* AppDelegate.swift in Sources */ = {isa = PBXBuildFile; fileRef = 63BE35AE282ABEA200DE27E2 /* AppDelegate.swift */; };
		63BE35B1282ABEA200DE27E2 /* SceneDelegate.swift in Sources */ = {isa = PBXBuildFile; fileRef = 63BE35B0282ABEA200DE27E2 /* SceneDelegate.swift */; };
		63BE35B3282ABEA200DE27E2 /* AuthViewController.swift in Sources */ = {isa = PBXBuildFile; fileRef = 63BE35B2282ABEA200DE27E2 /* AuthViewController.swift */; };
		63BE35B6282ABEA200DE27E2 /* Auth.storyboard in Resources */ = {isa = PBXBuildFile; fileRef = 63BE35B4282ABEA200DE27E2 /* Auth.storyboard */; };
		63BE35B8282ABEA300DE27E2 /* Assets.xcassets in Resources */ = {isa = PBXBuildFile; fileRef = 63BE35B7282ABEA300DE27E2 /* Assets.xcassets */; };
		63BE35BB282ABEA300DE27E2 /* LaunchScreen.storyboard in Resources */ = {isa = PBXBuildFile; fileRef = 63BE35B9282ABEA300DE27E2 /* LaunchScreen.storyboard */; };
/* End PBXBuildFile section */

/* Begin PBXFileReference section */
		6315B018282AC24F0011631A /* Product.swift */ = {isa = PBXFileReference; lastKnownFileType = sourcecode.swift; path = Product.swift; sourceTree = "<group>"; };
		63BB91E8282BE414000642C0 /* ProductItem.swift */ = {isa = PBXFileReference; lastKnownFileType = sourcecode.swift; path = ProductItem.swift; sourceTree = "<group>"; };
		63BB91EA282BE496000642C0 /* Order.swift */ = {isa = PBXFileReference; lastKnownFileType = sourcecode.swift; path = Order.swift; sourceTree = "<group>"; };
		63BB91EC282BE90C000642C0 /* OrderManager.swift */ = {isa = PBXFileReference; lastKnownFileType = sourcecode.swift; path = OrderManager.swift; sourceTree = "<group>"; };
		63BB91F0282BFEC8000642C0 /* User.swift */ = {isa = PBXFileReference; lastKnownFileType = sourcecode.swift; path = User.swift; sourceTree = "<group>"; };
		63BB91F2282BFF54000642C0 /* AuthManager.swift */ = {isa = PBXFileReference; lastKnownFileType = sourcecode.swift; path = AuthManager.swift; sourceTree = "<group>"; };
		63BB91F4282C00D6000642C0 /* ShoppingCartManager.swift */ = {isa = PBXFileReference; lastKnownFileType = sourcecode.swift; path = ShoppingCartManager.swift; sourceTree = "<group>"; };
		63BE35AB282ABEA200DE27E2 /* JointStoreProject.app */ = {isa = PBXFileReference; explicitFileType = wrapper.application; includeInIndex = 0; path = JointStoreProject.app; sourceTree = BUILT_PRODUCTS_DIR; };
		63BE35AE282ABEA200DE27E2 /* AppDelegate.swift */ = {isa = PBXFileReference; lastKnownFileType = sourcecode.swift; path = AppDelegate.swift; sourceTree = "<group>"; };
		63BE35B0282ABEA200DE27E2 /* SceneDelegate.swift */ = {isa = PBXFileReference; lastKnownFileType = sourcecode.swift; path = SceneDelegate.swift; sourceTree = "<group>"; };
		63BE35B2282ABEA200DE27E2 /* AuthViewController.swift */ = {isa = PBXFileReference; lastKnownFileType = sourcecode.swift; path = AuthViewController.swift; sourceTree = "<group>"; };
		63BE35B5282ABEA200DE27E2 /* Base */ = {isa = PBXFileReference; lastKnownFileType = file.storyboard; name = Base; path = Base.lproj/Auth.storyboard; sourceTree = "<group>"; };
		63BE35B7282ABEA300DE27E2 /* Assets.xcassets */ = {isa = PBXFileReference; lastKnownFileType = folder.assetcatalog; path = Assets.xcassets; sourceTree = "<group>"; };
		63BE35BA282ABEA300DE27E2 /* Base */ = {isa = PBXFileReference; lastKnownFileType = file.storyboard; name = Base; path = Base.lproj/LaunchScreen.storyboard; sourceTree = "<group>"; };
		63BE35BC282ABEA300DE27E2 /* Info.plist */ = {isa = PBXFileReference; lastKnownFileType = text.plist.xml; path = Info.plist; sourceTree = "<group>"; };
/* End PBXFileReference section */

/* Begin PBXFrameworksBuildPhase section */
		63BE35A8282ABEA200DE27E2 /* Frameworks */ = {
			isa = PBXFrameworksBuildPhase;
			buildActionMask = 2147483647;
			files = (
			);
			runOnlyForDeploymentPostprocessing = 0;
		};
/* End PBXFrameworksBuildPhase section */

/* Begin PBXGroup section */
		63BE35A2282ABEA200DE27E2 = {
			isa = PBXGroup;
			children = (
				63BE35AD282ABEA200DE27E2 /* JointStoreProject */,
				63BE35AC282ABEA200DE27E2 /* Products */,
			);
			sourceTree = "<group>";
		};
		63BE35AC282ABEA200DE27E2 /* Products */ = {
			isa = PBXGroup;
			children = (
				63BE35AB282ABEA200DE27E2 /* JointStoreProject.app */,
			);
			name = Products;
			sourceTree = "<group>";
		};
		63BE35AD282ABEA200DE27E2 /* JointStoreProject */ = {
			isa = PBXGroup;
			children = (
				63BE35C7282ABF2400DE27E2 /* Services */,
				63BE35C6282ABEFE00DE27E2 /* Models */,
				63BE35C4282ABEE900DE27E2 /* App */,
				63BE35C3282ABECE00DE27E2 /* Controllers */,
				63BE35C2282ABEAF00DE27E2 /* Storyboards */,
				63BE35C5282ABEF300DE27E2 /* Resources */,
			);
			path = JointStoreProject;
			sourceTree = "<group>";
		};
		63BE35C2282ABEAF00DE27E2 /* Storyboards */ = {
			isa = PBXGroup;
			children = (
				63BE35B4282ABEA200DE27E2 /* Auth.storyboard */,
				63BE35B9282ABEA300DE27E2 /* LaunchScreen.storyboard */,
			);
			path = Storyboards;
			sourceTree = "<group>";
		};
		63BE35C3282ABECE00DE27E2 /* Controllers */ = {
			isa = PBXGroup;
			children = (
				63BE35B2282ABEA200DE27E2 /* AuthViewController.swift */,
			);
			path = Controllers;
			sourceTree = "<group>";
		};
		63BE35C4282ABEE900DE27E2 /* App */ = {
			isa = PBXGroup;
			children = (
				63BE35AE282ABEA200DE27E2 /* AppDelegate.swift */,
				63BE35B0282ABEA200DE27E2 /* SceneDelegate.swift */,
				63BE35BC282ABEA300DE27E2 /* Info.plist */,
			);
			path = App;
			sourceTree = "<group>";
		};
		63BE35C5282ABEF300DE27E2 /* Resources */ = {
			isa = PBXGroup;
			children = (
				63BE35B7282ABEA300DE27E2 /* Assets.xcassets */,
			);
			path = Resources;
			sourceTree = "<group>";
		};
		63BE35C6282ABEFE00DE27E2 /* Models */ = {
			isa = PBXGroup;
			children = (
				6315B018282AC24F0011631A /* Product.swift */,
				63BB91E8282BE414000642C0 /* ProductItem.swift */,
				63BB91EA282BE496000642C0 /* Order.swift */,
				63BB91F0282BFEC8000642C0 /* User.swift */,
			);
			path = Models;
			sourceTree = "<group>";
		};
		63BE35C7282ABF2400DE27E2 /* Services */ = {
			isa = PBXGroup;
			children = (
				63BB91EC282BE90C000642C0 /* OrderManager.swift */,
				63BB91F2282BFF54000642C0 /* AuthManager.swift */,
				63BB91F4282C00D6000642C0 /* ShoppingCartManager.swift */,
			);
			path = Services;
			sourceTree = "<group>";
		};
/* End PBXGroup section */

/* Begin PBXNativeTarget section */
		63BE35AA282ABEA200DE27E2 /* JointStoreProject */ = {
			isa = PBXNativeTarget;
			buildConfigurationList = 63BE35BF282ABEA300DE27E2 /* Build configuration list for PBXNativeTarget "JointStoreProject" */;
			buildPhases = (
				63BE35A7282ABEA200DE27E2 /* Sources */,
				63BE35A8282ABEA200DE27E2 /* Frameworks */,
				63BE35A9282ABEA200DE27E2 /* Resources */,
			);
			buildRules = (
			);
			dependencies = (
			);
			name = JointStoreProject;
			productName = JointStoreProject;
			productReference = 63BE35AB282ABEA200DE27E2 /* JointStoreProject.app */;
			productType = "com.apple.product-type.application";
		};
/* End PBXNativeTarget section */

/* Begin PBXProject section */
		63BE35A3282ABEA200DE27E2 /* Project object */ = {
			isa = PBXProject;
			attributes = {
				BuildIndependentTargetsInParallel = 1;
				LastSwiftUpdateCheck = 1330;
				LastUpgradeCheck = 1330;
				TargetAttributes = {
					63BE35AA282ABEA200DE27E2 = {
						CreatedOnToolsVersion = 13.3.1;
					};
				};
			};
			buildConfigurationList = 63BE35A6282ABEA200DE27E2 /* Build configuration list for PBXProject "JointStoreProject" */;
			compatibilityVersion = "Xcode 13.0";
			developmentRegion = en;
			hasScannedForEncodings = 0;
			knownRegions = (
				en,
				Base,
			);
			mainGroup = 63BE35A2282ABEA200DE27E2;
			productRefGroup = 63BE35AC282ABEA200DE27E2 /* Products */;
			projectDirPath = "";
			projectRoot = "";
			targets = (
				63BE35AA282ABEA200DE27E2 /* JointStoreProject */,
			);
		};
/* End PBXProject section */

/* Begin PBXResourcesBuildPhase section */
		63BE35A9282ABEA200DE27E2 /* Resources */ = {
			isa = PBXResourcesBuildPhase;
			buildActionMask = 2147483647;
			files = (
				63BE35BB282ABEA300DE27E2 /* LaunchScreen.storyboard in Resources */,
				63BE35B8282ABEA300DE27E2 /* Assets.xcassets in Resources */,
				63BE35B6282ABEA200DE27E2 /* Auth.storyboard in Resources */,
			);
			runOnlyForDeploymentPostprocessing = 0;
		};
/* End PBXResourcesBuildPhase section */

/* Begin PBXSourcesBuildPhase section */
		63BE35A7282ABEA200DE27E2 /* Sources */ = {
			isa = PBXSourcesBuildPhase;
			buildActionMask = 2147483647;
			files = (
				63BB91E9282BE414000642C0 /* ProductItem.swift in Sources */,
				63BE35B3282ABEA200DE27E2 /* AuthViewController.swift in Sources */,
				6315B019282AC24F0011631A /* Product.swift in Sources */,
				63BB91ED282BE90C000642C0 /* OrderManager.swift in Sources */,
				63BE35AF282ABEA200DE27E2 /* AppDelegate.swift in Sources */,
				63BB91F5282C00D6000642C0 /* ShoppingCartManager.swift in Sources */,
				63BB91F1282BFEC8000642C0 /* User.swift in Sources */,
				63BE35B1282ABEA200DE27E2 /* SceneDelegate.swift in Sources */,
				63BB91F3282BFF54000642C0 /* AuthManager.swift in Sources */,
				63BB91EB282BE496000642C0 /* Order.swift in Sources */,
			);
			runOnlyForDeploymentPostprocessing = 0;
		};
/* End PBXSourcesBuildPhase section */

/* Begin PBXVariantGroup section */
		63BE35B4282ABEA200DE27E2 /* Auth.storyboard */ = {
			isa = PBXVariantGroup;
			children = (
				63BE35B5282ABEA200DE27E2 /* Base */,
			);
			name = Auth.storyboard;
			sourceTree = "<group>";
		};
		63BE35B9282ABEA300DE27E2 /* LaunchScreen.storyboard */ = {
			isa = PBXVariantGroup;
			children = (
				63BE35BA282ABEA300DE27E2 /* Base */,
			);
			name = LaunchScreen.storyboard;
			sourceTree = "<group>";
		};
/* End PBXVariantGroup section */

/* Begin XCBuildConfiguration section */
		63BE35BD282ABEA300DE27E2 /* Debug */ = {
			isa = XCBuildConfiguration;
			buildSettings = {
				ALWAYS_SEARCH_USER_PATHS = NO;
				CLANG_ANALYZER_NONNULL = YES;
				CLANG_ANALYZER_NUMBER_OBJECT_CONVERSION = YES_AGGRESSIVE;
				CLANG_CXX_LANGUAGE_STANDARD = "gnu++17";
				CLANG_ENABLE_MODULES = YES;
				CLANG_ENABLE_OBJC_ARC = YES;
				CLANG_ENABLE_OBJC_WEAK = YES;
				CLANG_WARN_BLOCK_CAPTURE_AUTORELEASING = YES;
				CLANG_WARN_BOOL_CONVERSION = YES;
				CLANG_WARN_COMMA = YES;
				CLANG_WARN_CONSTANT_CONVERSION = YES;
				CLANG_WARN_DEPRECATED_OBJC_IMPLEMENTATIONS = YES;
				CLANG_WARN_DIRECT_OBJC_ISA_USAGE = YES_ERROR;
				CLANG_WARN_DOCUMENTATION_COMMENTS = YES;
				CLANG_WARN_EMPTY_BODY = YES;
				CLANG_WARN_ENUM_CONVERSION = YES;
				CLANG_WARN_INFINITE_RECURSION = YES;
				CLANG_WARN_INT_CONVERSION = YES;
				CLANG_WARN_NON_LITERAL_NULL_CONVERSION = YES;
				CLANG_WARN_OBJC_IMPLICIT_RETAIN_SELF = YES;
				CLANG_WARN_OBJC_LITERAL_CONVERSION = YES;
				CLANG_WARN_OBJC_ROOT_CLASS = YES_ERROR;
				CLANG_WARN_QUOTED_INCLUDE_IN_FRAMEWORK_HEADER = YES;
				CLANG_WARN_RANGE_LOOP_ANALYSIS = YES;
				CLANG_WARN_STRICT_PROTOTYPES = YES;
				CLANG_WARN_SUSPICIOUS_MOVE = YES;
				CLANG_WARN_UNGUARDED_AVAILABILITY = YES_AGGRESSIVE;
				CLANG_WARN_UNREACHABLE_CODE = YES;
				CLANG_WARN__DUPLICATE_METHOD_MATCH = YES;
				COPY_PHASE_STRIP = NO;
				DEBUG_INFORMATION_FORMAT = dwarf;
				ENABLE_STRICT_OBJC_MSGSEND = YES;
				ENABLE_TESTABILITY = YES;
				GCC_C_LANGUAGE_STANDARD = gnu11;
				GCC_DYNAMIC_NO_PIC = NO;
				GCC_NO_COMMON_BLOCKS = YES;
				GCC_OPTIMIZATION_LEVEL = 0;
				GCC_PREPROCESSOR_DEFINITIONS = (
					"DEBUG=1",
					"$(inherited)",
				);
				GCC_WARN_64_TO_32_BIT_CONVERSION = YES;
				GCC_WARN_ABOUT_RETURN_TYPE = YES_ERROR;
				GCC_WARN_UNDECLARED_SELECTOR = YES;
				GCC_WARN_UNINITIALIZED_AUTOS = YES_AGGRESSIVE;
				GCC_WARN_UNUSED_FUNCTION = YES;
				GCC_WARN_UNUSED_VARIABLE = YES;
				IPHONEOS_DEPLOYMENT_TARGET = 15.4;
				MTL_ENABLE_DEBUG_INFO = INCLUDE_SOURCE;
				MTL_FAST_MATH = YES;
				ONLY_ACTIVE_ARCH = YES;
				SDKROOT = iphoneos;
				SWIFT_ACTIVE_COMPILATION_CONDITIONS = DEBUG;
				SWIFT_OPTIMIZATION_LEVEL = "-Onone";
			};
			name = Debug;
		};
		63BE35BE282ABEA300DE27E2 /* Release */ = {
			isa = XCBuildConfiguration;
			buildSettings = {
				ALWAYS_SEARCH_USER_PATHS = NO;
				CLANG_ANALYZER_NONNULL = YES;
				CLANG_ANALYZER_NUMBER_OBJECT_CONVERSION = YES_AGGRESSIVE;
				CLANG_CXX_LANGUAGE_STANDARD = "gnu++17";
				CLANG_ENABLE_MODULES = YES;
				CLANG_ENABLE_OBJC_ARC = YES;
				CLANG_ENABLE_OBJC_WEAK = YES;
				CLANG_WARN_BLOCK_CAPTURE_AUTORELEASING = YES;
				CLANG_WARN_BOOL_CONVERSION = YES;
				CLANG_WARN_COMMA = YES;
				CLANG_WARN_CONSTANT_CONVERSION = YES;
				CLANG_WARN_DEPRECATED_OBJC_IMPLEMENTATIONS = YES;
				CLANG_WARN_DIRECT_OBJC_ISA_USAGE = YES_ERROR;
				CLANG_WARN_DOCUMENTATION_COMMENTS = YES;
				CLANG_WARN_EMPTY_BODY = YES;
				CLANG_WARN_ENUM_CONVERSION = YES;
				CLANG_WARN_INFINITE_RECURSION = YES;
				CLANG_WARN_INT_CONVERSION = YES;
				CLANG_WARN_NON_LITERAL_NULL_CONVERSION = YES;
				CLANG_WARN_OBJC_IMPLICIT_RETAIN_SELF = YES;
				CLANG_WARN_OBJC_LITERAL_CONVERSION = YES;
				CLANG_WARN_OBJC_ROOT_CLASS = YES_ERROR;
				CLANG_WARN_QUOTED_INCLUDE_IN_FRAMEWORK_HEADER = YES;
				CLANG_WARN_RANGE_LOOP_ANALYSIS = YES;
				CLANG_WARN_STRICT_PROTOTYPES = YES;
				CLANG_WARN_SUSPICIOUS_MOVE = YES;
				CLANG_WARN_UNGUARDED_AVAILABILITY = YES_AGGRESSIVE;
				CLANG_WARN_UNREACHABLE_CODE = YES;
				CLANG_WARN__DUPLICATE_METHOD_MATCH = YES;
				COPY_PHASE_STRIP = NO;
				DEBUG_INFORMATION_FORMAT = "dwarf-with-dsym";
				ENABLE_NS_ASSERTIONS = NO;
				ENABLE_STRICT_OBJC_MSGSEND = YES;
				GCC_C_LANGUAGE_STANDARD = gnu11;
				GCC_NO_COMMON_BLOCKS = YES;
				GCC_WARN_64_TO_32_BIT_CONVERSION = YES;
				GCC_WARN_ABOUT_RETURN_TYPE = YES_ERROR;
				GCC_WARN_UNDECLARED_SELECTOR = YES;
				GCC_WARN_UNINITIALIZED_AUTOS = YES_AGGRESSIVE;
				GCC_WARN_UNUSED_FUNCTION = YES;
				GCC_WARN_UNUSED_VARIABLE = YES;
				IPHONEOS_DEPLOYMENT_TARGET = 15.4;
				MTL_ENABLE_DEBUG_INFO = NO;
				MTL_FAST_MATH = YES;
				SDKROOT = iphoneos;
				SWIFT_COMPILATION_MODE = wholemodule;
				SWIFT_OPTIMIZATION_LEVEL = "-O";
				VALIDATE_PRODUCT = YES;
			};
			name = Release;
		};
		63BE35C0282ABEA300DE27E2 /* Debug */ = {
			isa = XCBuildConfiguration;
			buildSettings = {
				ASSETCATALOG_COMPILER_APPICON_NAME = AppIcon;
				ASSETCATALOG_COMPILER_GLOBAL_ACCENT_COLOR_NAME = AccentColor;
				CODE_SIGN_IDENTITY = "Apple Development";
				CODE_SIGN_STYLE = Automatic;
				CURRENT_PROJECT_VERSION = 1;
				DEVELOPMENT_TEAM = "";
				GENERATE_INFOPLIST_FILE = YES;
				INFOPLIST_FILE = JointStoreProject/App/Info.plist;
				INFOPLIST_KEY_UIApplicationSupportsIndirectInputEvents = YES;
				INFOPLIST_KEY_UILaunchStoryboardName = LaunchScreen;
				INFOPLIST_KEY_UIMainStoryboardFile = Auth;
				INFOPLIST_KEY_UISupportedInterfaceOrientations_iPad = "UIInterfaceOrientationPortrait UIInterfaceOrientationPortraitUpsideDown UIInterfaceOrientationLandscapeLeft UIInterfaceOrientationLandscapeRight";
				INFOPLIST_KEY_UISupportedInterfaceOrientations_iPhone = "UIInterfaceOrientationPortrait UIInterfaceOrientationLandscapeLeft UIInterfaceOrientationLandscapeRight";
				LD_RUNPATH_SEARCH_PATHS = (
					"$(inherited)",
					"@executable_path/Frameworks",
				);
				MARKETING_VERSION = 1.0;
				PRODUCT_BUNDLE_IDENTIFIER = shaggybee.JointStoreProject;
				PRODUCT_NAME = "$(TARGET_NAME)";
				PROVISIONING_PROFILE_SPECIFIER = "";
				SWIFT_EMIT_LOC_STRINGS = YES;
				SWIFT_VERSION = 5.0;
				TARGETED_DEVICE_FAMILY = "1,2";
			};
			name = Debug;
		};
		63BE35C1282ABEA300DE27E2 /* Release */ = {
			isa = XCBuildConfiguration;
			buildSettings = {
				ASSETCATALOG_COMPILER_APPICON_NAME = AppIcon;
				ASSETCATALOG_COMPILER_GLOBAL_ACCENT_COLOR_NAME = AccentColor;
				CODE_SIGN_IDENTITY = "Apple Development";
				CODE_SIGN_STYLE = Automatic;
				CURRENT_PROJECT_VERSION = 1;
				DEVELOPMENT_TEAM = "";
				GENERATE_INFOPLIST_FILE = YES;
				INFOPLIST_FILE = JointStoreProject/App/Info.plist;
				INFOPLIST_KEY_UIApplicationSupportsIndirectInputEvents = YES;
				INFOPLIST_KEY_UILaunchStoryboardName = LaunchScreen;
				INFOPLIST_KEY_UIMainStoryboardFile = Auth;
				INFOPLIST_KEY_UISupportedInterfaceOrientations_iPad = "UIInterfaceOrientationPortrait UIInterfaceOrientationPortraitUpsideDown UIInterfaceOrientationLandscapeLeft UIInterfaceOrientationLandscapeRight";
				INFOPLIST_KEY_UISupportedInterfaceOrientations_iPhone = "UIInterfaceOrientationPortrait UIInterfaceOrientationLandscapeLeft UIInterfaceOrientationLandscapeRight";
				LD_RUNPATH_SEARCH_PATHS = (
					"$(inherited)",
					"@executable_path/Frameworks",
				);
				MARKETING_VERSION = 1.0;
				PRODUCT_BUNDLE_IDENTIFIER = shaggybee.JointStoreProject;
				PRODUCT_NAME = "$(TARGET_NAME)";
				PROVISIONING_PROFILE_SPECIFIER = "";
				SWIFT_EMIT_LOC_STRINGS = YES;
				SWIFT_VERSION = 5.0;
				TARGETED_DEVICE_FAMILY = "1,2";
			};
			name = Release;
		};
/* End XCBuildConfiguration section */

/* Begin XCConfigurationList section */
		63BE35A6282ABEA200DE27E2 /* Build configuration list for PBXProject "JointStoreProject" */ = {
			isa = XCConfigurationList;
			buildConfigurations = (
				63BE35BD282ABEA300DE27E2 /* Debug */,
				63BE35BE282ABEA300DE27E2 /* Release */,
			);
			defaultConfigurationIsVisible = 0;
			defaultConfigurationName = Release;
		};
		63BE35BF282ABEA300DE27E2 /* Build configuration list for PBXNativeTarget "JointStoreProject" */ = {
			isa = XCConfigurationList;
			buildConfigurations = (
				63BE35C0282ABEA300DE27E2 /* Debug */,
				63BE35C1282ABEA300DE27E2 /* Release */,
			);
			defaultConfigurationIsVisible = 0;
			defaultConfigurationName = Release;
		};
/* End XCConfigurationList section */
	};
	rootObject = 63BE35A3282ABEA200DE27E2 /* Project object */;
}
